// !$*UTF8*$!
{
	archiveVersion = 1;
	classes = {
	};
	objectVersion = 77;
	objects = {

/* Begin PBXBuildFile section */
		04C3708E52D3A6192A8D3E99 /* MemoSettingsTab.swift in Sources */ = {isa = PBXBuildFile; fileRef = 2F6B2E5BE9698302DE50AC91 /* MemoSettingsTab.swift */; };
		0A7F822C069DD7EE3D65CCF7 /* SettingsView.swift in Sources */ = {isa = PBXBuildFile; fileRef = 8DFA74BBF0C5F200A3EA99D2 /* SettingsView.swift */; };
		0F7B51E106ABC29DADD3544E /* PermissionManager.swift in Sources */ = {isa = PBXBuildFile; fileRef = A082E83203C5D3093F35050E /* PermissionManager.swift */; };
		1647F33EA6137401153B4F91 /* ScreenSaverController.swift in Sources */ = {isa = PBXBuildFile; fileRef = DE4AD8F014277FF3DF2ABB01 /* ScreenSaverController.swift */; };
		299AC1C4B37AB6ED8EAA2445 /* CozyScreenApp.swift in Sources */ = {isa = PBXBuildFile; fileRef = 6EF5BA0223919D3CF146CA6C /* CozyScreenApp.swift */; };
		3AB2328A62E47683727BFF7B /* GeneralSettingsTab.swift in Sources */ = {isa = PBXBuildFile; fileRef = CC260E628E6181E5C5B2C3FA /* GeneralSettingsTab.swift */; };
		4D3A0EFCDE464C47BCD8EC72 /* AppSettings.swift in Sources */ = {isa = PBXBuildFile; fileRef = ED088F701AF0565BC1A372A9 /* AppSettings.swift */; };
		4FCF1631E0008349EAD27E04 /* ScreenSaverWindow.swift in Sources */ = {isa = PBXBuildFile; fileRef = 3B85E4BCC387C3C066B3B436 /* ScreenSaverWindow.swift */; };
		6BD26B7D94843D8CF353B2FA /* MenuBarView.swift in Sources */ = {isa = PBXBuildFile; fileRef = A0258E429A2FA31504A9410F /* MenuBarView.swift */; };
		6D434A063392ED23E014CF6C /* MemoItem.swift in Sources */ = {isa = PBXBuildFile; fileRef = 8BD7AFB0ECE42E0B6ED36E41 /* MemoItem.swift */; };
		6D854E2511C0A2FDB14800D4 /* GlobalShortcutService.swift in Sources */ = {isa = PBXBuildFile; fileRef = D8B7C76489AD59DCA6745D2F /* GlobalShortcutService.swift */; };
		73116395B6D8404F335198D4 /* PhotoSettingsTab.swift in Sources */ = {isa = PBXBuildFile; fileRef = 63BAD56E1D3704DB4818EE33 /* PhotoSettingsTab.swift */; };
		7848C73E6F0A23B86D62F1B0 /* PhotoSet.swift in Sources */ = {isa = PBXBuildFile; fileRef = 21E081EBE4101FF68C27D40E /* PhotoSet.swift */; };
		A5506139DBA2A89ED05EDA3E /* PhotoBackgroundView.swift in Sources */ = {isa = PBXBuildFile; fileRef = 59C93FC516D072853D9F5233 /* PhotoBackgroundView.swift */; };
		C9E9C69F72E689E6D8726268 /* ScreenSaverContentView.swift in Sources */ = {isa = PBXBuildFile; fileRef = F67C9625179C3503775028B1 /* ScreenSaverContentView.swift */; };
		CEF656904759ECBA2AE153C9 /* MemoOverlayView.swift in Sources */ = {isa = PBXBuildFile; fileRef = DF0717416390DED071B17656 /* MemoOverlayView.swift */; };
		EC93162F014C09DCEA539F09 /* AppDelegate.swift in Sources */ = {isa = PBXBuildFile; fileRef = 66D165CDF7F6DF263761BC58 /* AppDelegate.swift */; };
		FFEE0DE4D9D0D63D635714A7 /* AssetManager.swift in Sources */ = {isa = PBXBuildFile; fileRef = C216843BFCA5E4EF074080EE /* AssetManager.swift */; };
		BB11223344556677889900A1 /* WidgetOverlayView.swift in Sources */ = {isa = PBXBuildFile; fileRef = AA11223344556677889900A1 /* WidgetOverlayView.swift */; };
		BB11223344556677889900A2 /* WidgetCardModifier.swift in Sources */ = {isa = PBXBuildFile; fileRef = AA11223344556677889900A2 /* WidgetCardModifier.swift */; };
		BB11223344556677889900A3 /* ClockWidgetView.swift in Sources */ = {isa = PBXBuildFile; fileRef = AA11223344556677889900A3 /* ClockWidgetView.swift */; };
		BB11223344556677889900A4 /* MemoWidgetView.swift in Sources */ = {isa = PBXBuildFile; fileRef = AA11223344556677889900A4 /* MemoWidgetView.swift */; };
		BB11223344556677889900A5 /* RemindersWidgetView.swift in Sources */ = {isa = PBXBuildFile; fileRef = AA11223344556677889900A5 /* RemindersWidgetView.swift */; };
		BB11223344556677889900A6 /* CalendarWidgetView.swift in Sources */ = {isa = PBXBuildFile; fileRef = AA11223344556677889900A6 /* CalendarWidgetView.swift */; };
		BB11223344556677889900A7 /* NowPlayingWidgetView.swift in Sources */ = {isa = PBXBuildFile; fileRef = AA11223344556677889900A7 /* NowPlayingWidgetView.swift */; };
		BB11223344556677889900A8 /* WidgetSettingsTab.swift in Sources */ = {isa = PBXBuildFile; fileRef = AA11223344556677889900A8 /* WidgetSettingsTab.swift */; };
		BB11223344556677889900A9 /* EventKitService.swift in Sources */ = {isa = PBXBuildFile; fileRef = AA11223344556677889900A9 /* EventKitService.swift */; };
		BB11223344556677889900B0 /* NowPlayingService.swift in Sources */ = {isa = PBXBuildFile; fileRef = AA11223344556677889900B0 /* NowPlayingService.swift */; };
/* End PBXBuildFile section */

/* Begin PBXFileReference section */
		21E081EBE4101FF68C27D40E /* PhotoSet.swift */ = {isa = PBXFileReference; lastKnownFileType = sourcecode.swift; path = PhotoSet.swift; sourceTree = "<group>"; };
		2F6B2E5BE9698302DE50AC91 /* MemoSettingsTab.swift */ = {isa = PBXFileReference; lastKnownFileType = sourcecode.swift; path = MemoSettingsTab.swift; sourceTree = "<group>"; };
		3B85E4BCC387C3C066B3B436 /* ScreenSaverWindow.swift */ = {isa = PBXFileReference; lastKnownFileType = sourcecode.swift; path = ScreenSaverWindow.swift; sourceTree = "<group>"; };
		59C93FC516D072853D9F5233 /* PhotoBackgroundView.swift */ = {isa = PBXFileReference; lastKnownFileType = sourcecode.swift; path = PhotoBackgroundView.swift; sourceTree = "<group>"; };
		63BAD56E1D3704DB4818EE33 /* PhotoSettingsTab.swift */ = {isa = PBXFileReference; lastKnownFileType = sourcecode.swift; path = PhotoSettingsTab.swift; sourceTree = "<group>"; };
		66D165CDF7F6DF263761BC58 /* AppDelegate.swift */ = {isa = PBXFileReference; lastKnownFileType = sourcecode.swift; path = AppDelegate.swift; sourceTree = "<group>"; };
		6B5340E4291965A422926CC9 /* CozyScreen.entitlements */ = {isa = PBXFileReference; lastKnownFileType = text.plist.entitlements; path = CozyScreen.entitlements; sourceTree = "<group>"; };
		6EF5BA0223919D3CF146CA6C /* CozyScreenApp.swift */ = {isa = PBXFileReference; lastKnownFileType = sourcecode.swift; path = CozyScreenApp.swift; sourceTree = "<group>"; };
		8BD7AFB0ECE42E0B6ED36E41 /* MemoItem.swift */ = {isa = PBXFileReference; lastKnownFileType = sourcecode.swift; path = MemoItem.swift; sourceTree = "<group>"; };
		8DFA74BBF0C5F200A3EA99D2 /* SettingsView.swift */ = {isa = PBXFileReference; lastKnownFileType = sourcecode.swift; path = SettingsView.swift; sourceTree = "<group>"; };
		8E60ED0364739F6DDDE11DF9 /* CozyScreen.app */ = {isa = PBXFileReference; explicitFileType = wrapper.application; includeInIndex = 0; path = CozyScreen.app; sourceTree = BUILT_PRODUCTS_DIR; };
		A0258E429A2FA31504A9410F /* MenuBarView.swift */ = {isa = PBXFileReference; lastKnownFileType = sourcecode.swift; path = MenuBarView.swift; sourceTree = "<group>"; };
		A082E83203C5D3093F35050E /* PermissionManager.swift */ = {isa = PBXFileReference; lastKnownFileType = sourcecode.swift; path = PermissionManager.swift; sourceTree = "<group>"; };
		C216843BFCA5E4EF074080EE /* AssetManager.swift */ = {isa = PBXFileReference; lastKnownFileType = sourcecode.swift; path = AssetManager.swift; sourceTree = "<group>"; };
		CC260E628E6181E5C5B2C3FA /* GeneralSettingsTab.swift */ = {isa = PBXFileReference; lastKnownFileType = sourcecode.swift; path = GeneralSettingsTab.swift; sourceTree = "<group>"; };
		D8B7C76489AD59DCA6745D2F /* GlobalShortcutService.swift */ = {isa = PBXFileReference; lastKnownFileType = sourcecode.swift; path = GlobalShortcutService.swift; sourceTree = "<group>"; };
		DC58C6F82C274F22B5C4BE32 /* Info.plist */ = {isa = PBXFileReference; lastKnownFileType = text.plist; path = Info.plist; sourceTree = "<group>"; };
		DE4AD8F014277FF3DF2ABB01 /* ScreenSaverController.swift */ = {isa = PBXFileReference; lastKnownFileType = sourcecode.swift; path = ScreenSaverController.swift; sourceTree = "<group>"; };
		DF0717416390DED071B17656 /* MemoOverlayView.swift */ = {isa = PBXFileReference; lastKnownFileType = sourcecode.swift; path = MemoOverlayView.swift; sourceTree = "<group>"; };
		ED088F701AF0565BC1A372A9 /* AppSettings.swift */ = {isa = PBXFileReference; lastKnownFileType = sourcecode.swift; path = AppSettings.swift; sourceTree = "<group>"; };
		F67C9625179C3503775028B1 /* ScreenSaverContentView.swift */ = {isa = PBXFileReference; lastKnownFileType = sourcecode.swift; path = ScreenSaverContentView.swift; sourceTree = "<group>"; };
		AA11223344556677889900A1 /* WidgetOverlayView.swift */ = {isa = PBXFileReference; lastKnownFileType = sourcecode.swift; path = WidgetOverlayView.swift; sourceTree = "<group>"; };
		AA11223344556677889900A2 /* WidgetCardModifier.swift */ = {isa = PBXFileReference; lastKnownFileType = sourcecode.swift; path = WidgetCardModifier.swift; sourceTree = "<group>"; };
		AA11223344556677889900A3 /* ClockWidgetView.swift */ = {isa = PBXFileReference; lastKnownFileType = sourcecode.swift; path = ClockWidgetView.swift; sourceTree = "<group>"; };
		AA11223344556677889900A4 /* MemoWidgetView.swift */ = {isa = PBXFileReference; lastKnownFileType = sourcecode.swift; path = MemoWidgetView.swift; sourceTree = "<group>"; };
		AA11223344556677889900A5 /* RemindersWidgetView.swift */ = {isa = PBXFileReference; lastKnownFileType = sourcecode.swift; path = RemindersWidgetView.swift; sourceTree = "<group>"; };
		AA11223344556677889900A6 /* CalendarWidgetView.swift */ = {isa = PBXFileReference; lastKnownFileType = sourcecode.swift; path = CalendarWidgetView.swift; sourceTree = "<group>"; };
		AA11223344556677889900A7 /* NowPlayingWidgetView.swift */ = {isa = PBXFileReference; lastKnownFileType = sourcecode.swift; path = NowPlayingWidgetView.swift; sourceTree = "<group>"; };
		AA11223344556677889900A8 /* WidgetSettingsTab.swift */ = {isa = PBXFileReference; lastKnownFileType = sourcecode.swift; path = WidgetSettingsTab.swift; sourceTree = "<group>"; };
		AA11223344556677889900A9 /* EventKitService.swift */ = {isa = PBXFileReference; lastKnownFileType = sourcecode.swift; path = EventKitService.swift; sourceTree = "<group>"; };
		AA11223344556677889900B0 /* NowPlayingService.swift */ = {isa = PBXFileReference; lastKnownFileType = sourcecode.swift; path = NowPlayingService.swift; sourceTree = "<group>"; };
/* End PBXFileReference section */

/* Begin PBXGroup section */
		0068C3754A50F122AD618D6D /* Services */ = {
			isa = PBXGroup;
			children = (
				A74ACF526195D0E657F5FF2D /* AssetManager */,
				CC11223344556677889900A2 /* EventKitService */,
				CC11223344556677889900A3 /* NowPlayingService */,
				AA6D31CE03BAB67BE40ABA58 /* ShortcutService */,
			);
			path = Services;
			sourceTree = "<group>";
		};
		045F64324AF85C7620B2BBE4 /* Settings */ = {
			isa = PBXGroup;
			children = (
				CC260E628E6181E5C5B2C3FA /* GeneralSettingsTab.swift */,
				2F6B2E5BE9698302DE50AC91 /* MemoSettingsTab.swift */,
				63BAD56E1D3704DB4818EE33 /* PhotoSettingsTab.swift */,
				8DFA74BBF0C5F200A3EA99D2 /* SettingsView.swift */,
				AA11223344556677889900A8 /* WidgetSettingsTab.swift */,
			);
			path = Settings;
			sourceTree = "<group>";
		};
		2FDC96C371E4830B2AD1CBFF /* Memo */ = {
			isa = PBXGroup;
			children = (
				DF0717416390DED071B17656 /* MemoOverlayView.swift */,
			);
			path = Memo;
			sourceTree = "<group>";
		};
		38C9BBDD6C0D72D4DF1FD92B /* Models */ = {
			isa = PBXGroup;
			children = (
				8BD7AFB0ECE42E0B6ED36E41 /* MemoItem.swift */,
				21E081EBE4101FF68C27D40E /* PhotoSet.swift */,
			);
			path = Models;
			sourceTree = "<group>";
		};
		4964C6AB85E7C9019F9137E7 /* Features */ = {
			isa = PBXGroup;
			children = (
				2FDC96C371E4830B2AD1CBFF /* Memo */,
				DDE287D9F9ACA4ED1A0A96DA /* PhotoBackground */,
				79AF31F1CA90CF220FA54CAD /* ScreenSaver */,
				045F64324AF85C7620B2BBE4 /* Settings */,
				CC11223344556677889900A1 /* Widgets */,
			);
			path = Features;
			sourceTree = "<group>";
		};
		5A3DE938B18500B2E0C90FF3 /* App */ = {
			isa = PBXGroup;
			children = (
				66D165CDF7F6DF263761BC58 /* AppDelegate.swift */,
				6EF5BA0223919D3CF146CA6C /* CozyScreenApp.swift */,
				A0258E429A2FA31504A9410F /* MenuBarView.swift */,
			);
			path = App;
			sourceTree = "<group>";
		};
		77018EE6D2F4A8DE8426B59E /* Core */ = {
			isa = PBXGroup;
			children = (
				38C9BBDD6C0D72D4DF1FD92B /* Models */,
				C1AC4647AA665E17D909A283 /* Permissions */,
				96416E1A4FCF2A6D6BC36CA8 /* Persistence */,
			);
			path = Core;
			sourceTree = "<group>";
		};
		79AF31F1CA90CF220FA54CAD /* ScreenSaver */ = {
			isa = PBXGroup;
			children = (
				F67C9625179C3503775028B1 /* ScreenSaverContentView.swift */,
				DE4AD8F014277FF3DF2ABB01 /* ScreenSaverController.swift */,
				3B85E4BCC387C3C066B3B436 /* ScreenSaverWindow.swift */,
			);
			path = ScreenSaver;
			sourceTree = "<group>";
		};
		8FC7125619EDA17CAF157733 = {
			isa = PBXGroup;
			children = (
				E2CE94F509EC0A71149A6A97 /* CozyScreen */,
				F52185770319901CD7B9CF9D /* Products */,
			);
			sourceTree = "<group>";
		};
		96416E1A4FCF2A6D6BC36CA8 /* Persistence */ = {
			isa = PBXGroup;
			children = (
				ED088F701AF0565BC1A372A9 /* AppSettings.swift */,
			);
			path = Persistence;
			sourceTree = "<group>";
		};
		CC11223344556677889900A1 /* Widgets */ = {
			isa = PBXGroup;
			children = (
				AA11223344556677889900A6 /* CalendarWidgetView.swift */,
				AA11223344556677889900A3 /* ClockWidgetView.swift */,
				AA11223344556677889900A4 /* MemoWidgetView.swift */,
				AA11223344556677889900A7 /* NowPlayingWidgetView.swift */,
				AA11223344556677889900A5 /* RemindersWidgetView.swift */,
				AA11223344556677889900A2 /* WidgetCardModifier.swift */,
				AA11223344556677889900A1 /* WidgetOverlayView.swift */,
			);
			path = Widgets;
			sourceTree = "<group>";
		};
		A74ACF526195D0E657F5FF2D /* AssetManager */ = {
			isa = PBXGroup;
			children = (
				C216843BFCA5E4EF074080EE /* AssetManager.swift */,
			);
			path = AssetManager;
			sourceTree = "<group>";
		};
		CC11223344556677889900A2 /* EventKitService */ = {
			isa = PBXGroup;
			children = (
				AA11223344556677889900A9 /* EventKitService.swift */,
			);
			path = EventKitService;
			sourceTree = "<group>";
		};
		CC11223344556677889900A3 /* NowPlayingService */ = {
			isa = PBXGroup;
			children = (
				AA11223344556677889900B0 /* NowPlayingService.swift */,
			);
			path = NowPlayingService;
			sourceTree = "<group>";
		};
		AA6D31CE03BAB67BE40ABA58 /* ShortcutService */ = {
			isa = PBXGroup;
			children = (
				D8B7C76489AD59DCA6745D2F /* GlobalShortcutService.swift */,
			);
			path = ShortcutService;
			sourceTree = "<group>";
		};
		C1AC4647AA665E17D909A283 /* Permissions */ = {
			isa = PBXGroup;
			children = (
				A082E83203C5D3093F35050E /* PermissionManager.swift */,
			);
			path = Permissions;
			sourceTree = "<group>";
		};
		DDE287D9F9ACA4ED1A0A96DA /* PhotoBackground */ = {
			isa = PBXGroup;
			children = (
				59C93FC516D072853D9F5233 /* PhotoBackgroundView.swift */,
			);
			path = PhotoBackground;
			sourceTree = "<group>";
		};
		E2CE94F509EC0A71149A6A97 /* CozyScreen */ = {
			isa = PBXGroup;
			children = (
				6B5340E4291965A422926CC9 /* CozyScreen.entitlements */,
				DC58C6F82C274F22B5C4BE32 /* Info.plist */,
				5A3DE938B18500B2E0C90FF3 /* App */,
				77018EE6D2F4A8DE8426B59E /* Core */,
				4964C6AB85E7C9019F9137E7 /* Features */,
				0068C3754A50F122AD618D6D /* Services */,
			);
			path = CozyScreen;
			sourceTree = "<group>";
		};
		F52185770319901CD7B9CF9D /* Products */ = {
			isa = PBXGroup;
			children = (
				8E60ED0364739F6DDDE11DF9 /* CozyScreen.app */,
			);
			name = Products;
			sourceTree = "<group>";
		};
/* End PBXGroup section */

/* Begin PBXNativeTarget section */
		C8EB0F29AB8908749ABB818E /* CozyScreen */ = {
			isa = PBXNativeTarget;
			buildConfigurationList = 1DF968D15562761202571DC1 /* Build configuration list for PBXNativeTarget "CozyScreen" */;
			buildPhases = (
				70E9BC16F99131E98649DF33 /* Sources */,
			);
			buildRules = (
			);
			dependencies = (
			);
			name = CozyScreen;
			packageProductDependencies = (
			);
			productName = CozyScreen;
			productReference = 8E60ED0364739F6DDDE11DF9 /* CozyScreen.app */;
			productType = "com.apple.product-type.application";
		};
/* End PBXNativeTarget section */

/* Begin PBXProject section */
		E7519B326381617CE19A33D2 /* Project object */ = {
			isa = PBXProject;
			attributes = {
				BuildIndependentTargetsInParallel = YES;
				LastUpgradeCheck = 1500;
				TargetAttributes = {
					C8EB0F29AB8908749ABB818E = {
						ProvisioningStyle = Automatic;
					};
				};
			};
			buildConfigurationList = DDB541E9F450BB2B4C3E150B /* Build configuration list for PBXProject "CozyScreen" */;
			developmentRegion = en;
			hasScannedForEncodings = 0;
			knownRegions = (
				Base,
				en,
			);
			mainGroup = 8FC7125619EDA17CAF157733;
			minimizedProjectReferenceProxies = 1;
			preferredProjectObjectVersion = 77;
			productRefGroup = F52185770319901CD7B9CF9D /* Products */;
			projectDirPath = "";
			projectRoot = "";
			targets = (
				C8EB0F29AB8908749ABB818E /* CozyScreen */,
			);
		};
/* End PBXProject section */

/* Begin PBXSourcesBuildPhase section */
		70E9BC16F99131E98649DF33 /* Sources */ = {
			isa = PBXSourcesBuildPhase;
			buildActionMask = 2147483647;
			files = (
				EC93162F014C09DCEA539F09 /* AppDelegate.swift in Sources */,
				4D3A0EFCDE464C47BCD8EC72 /* AppSettings.swift in Sources */,
				FFEE0DE4D9D0D63D635714A7 /* AssetManager.swift in Sources */,
				BB11223344556677889900A6 /* CalendarWidgetView.swift in Sources */,
				BB11223344556677889900A3 /* ClockWidgetView.swift in Sources */,
				299AC1C4B37AB6ED8EAA2445 /* CozyScreenApp.swift in Sources */,
				BB11223344556677889900A9 /* EventKitService.swift in Sources */,
				3AB2328A62E47683727BFF7B /* GeneralSettingsTab.swift in Sources */,
				6D854E2511C0A2FDB14800D4 /* GlobalShortcutService.swift in Sources */,
				6D434A063392ED23E014CF6C /* MemoItem.swift in Sources */,
				CEF656904759ECBA2AE153C9 /* MemoOverlayView.swift in Sources */,
				04C3708E52D3A6192A8D3E99 /* MemoSettingsTab.swift in Sources */,
				BB11223344556677889900A4 /* MemoWidgetView.swift in Sources */,
				6BD26B7D94843D8CF353B2FA /* MenuBarView.swift in Sources */,
				BB11223344556677889900B0 /* NowPlayingService.swift in Sources */,
				BB11223344556677889900A7 /* NowPlayingWidgetView.swift in Sources */,
				0F7B51E106ABC29DADD3544E /* PermissionManager.swift in Sources */,
				A5506139DBA2A89ED05EDA3E /* PhotoBackgroundView.swift in Sources */,
				7848C73E6F0A23B86D62F1B0 /* PhotoSet.swift in Sources */,
				73116395B6D8404F335198D4 /* PhotoSettingsTab.swift in Sources */,
				BB11223344556677889900A5 /* RemindersWidgetView.swift in Sources */,
				C9E9C69F72E689E6D8726268 /* ScreenSaverContentView.swift in Sources */,
				1647F33EA6137401153B4F91 /* ScreenSaverController.swift in Sources */,
				4FCF1631E0008349EAD27E04 /* ScreenSaverWindow.swift in Sources */,
				0A7F822C069DD7EE3D65CCF7 /* SettingsView.swift in Sources */,
				BB11223344556677889900A2 /* WidgetCardModifier.swift in Sources */,
				BB11223344556677889900A1 /* WidgetOverlayView.swift in Sources */,
				BB11223344556677889900A8 /* WidgetSettingsTab.swift in Sources */,
			);
			runOnlyForDeploymentPostprocessing = 0;
		};
/* End PBXSourcesBuildPhase section */

/* Begin XCBuildConfiguration section */
		37C7A6AB3949961783CD6039 /* Debug */ = {
			isa = XCBuildConfiguration;
			buildSettings = {
				ALWAYS_SEARCH_USER_PATHS = NO;
				CLANG_ANALYZER_NONNULL = YES;
				CLANG_ANALYZER_NUMBER_OBJECT_CONVERSION = YES_AGGRESSIVE;
				CLANG_CXX_LANGUAGE_STANDARD = "gnu++14";
				CLANG_CXX_LIBRARY = "libc++";
				CLANG_ENABLE_MODULES = YES;
				CLANG_ENABLE_OBJC_ARC = YES;
				CLANG_ENABLE_OBJC_WEAK = YES;
				CLANG_WARN_BLOCK_CAPTURE_AUTORELEASING = YES;
				CLANG_WARN_BOOL_CONVERSION = YES;
				CLANG_WARN_COMMA = YES;
				CLANG_WARN_CONSTANT_CONVERSION = YES;
				CLANG_WARN_DEPRECATED_OBJC_IMPLEMENTATIONS = YES;
				CLANG_WARN_DIRECT_OBJC_ISA_USAGE = YES_ERROR;
				CLANG_WARN_DOCUMENTATION_COMMENTS = YES;
				CLANG_WARN_EMPTY_BODY = YES;
				CLANG_WARN_ENUM_CONVERSION = YES;
				CLANG_WARN_INFINITE_RECURSION = YES;
				CLANG_WARN_INT_CONVERSION = YES;
				CLANG_WARN_NON_LITERAL_NULL_CONVERSION = YES;
				CLANG_WARN_OBJC_IMPLICIT_RETAIN_SELF = YES;
				CLANG_WARN_OBJC_LITERAL_CONVERSION = YES;
				CLANG_WARN_OBJC_ROOT_CLASS = YES_ERROR;
				CLANG_WARN_QUOTED_INCLUDE_IN_FRAMEWORK_HEADER = YES;
				CLANG_WARN_RANGE_LOOP_ANALYSIS = YES;
				CLANG_WARN_STRICT_PROTOTYPES = YES;
				CLANG_WARN_SUSPICIOUS_MOVE = YES;
				CLANG_WARN_UNGUARDED_AVAILABILITY = YES_AGGRESSIVE;
				CLANG_WARN_UNREACHABLE_CODE = YES;
				CLANG_WARN__DUPLICATE_METHOD_MATCH = YES;
				COPY_PHASE_STRIP = NO;
				DEBUG_INFORMATION_FORMAT = dwarf;
				ENABLE_STRICT_OBJC_MSGSEND = YES;
				ENABLE_TESTABILITY = YES;
				GCC_C_LANGUAGE_STANDARD = gnu11;
				GCC_DYNAMIC_NO_PIC = NO;
				GCC_NO_COMMON_BLOCKS = YES;
				GCC_OPTIMIZATION_LEVEL = 0;
				GCC_PREPROCESSOR_DEFINITIONS = (
					"$(inherited)",
					"DEBUG=1",
				);
				GCC_WARN_64_TO_32_BIT_CONVERSION = YES;
				GCC_WARN_ABOUT_RETURN_TYPE = YES_ERROR;
				GCC_WARN_UNDECLARED_SELECTOR = YES;
				GCC_WARN_UNINITIALIZED_AUTOS = YES_AGGRESSIVE;
				GCC_WARN_UNUSED_FUNCTION = YES;
				GCC_WARN_UNUSED_VARIABLE = YES;
				MACOSX_DEPLOYMENT_TARGET = 14.0;
				MTL_ENABLE_DEBUG_INFO = INCLUDE_SOURCE;
				MTL_FAST_MATH = YES;
				ONLY_ACTIVE_ARCH = YES;
				PRODUCT_NAME = "$(TARGET_NAME)";
				SDKROOT = macosx;
				SWIFT_ACTIVE_COMPILATION_CONDITIONS = DEBUG;
				SWIFT_OPTIMIZATION_LEVEL = "-Onone";
				SWIFT_VERSION = 5.0;
			};
			name = Debug;
		};
		79B2680E23893D480F69E46D /* Release */ = {
			isa = XCBuildConfiguration;
			buildSettings = {
				ALWAYS_SEARCH_USER_PATHS = NO;
				CLANG_ANALYZER_NONNULL = YES;
				CLANG_ANALYZER_NUMBER_OBJECT_CONVERSION = YES_AGGRESSIVE;
				CLANG_CXX_LANGUAGE_STANDARD = "gnu++14";
				CLANG_CXX_LIBRARY = "libc++";
				CLANG_ENABLE_MODULES = YES;
				CLANG_ENABLE_OBJC_ARC = YES;
				CLANG_ENABLE_OBJC_WEAK = YES;
				CLANG_WARN_BLOCK_CAPTURE_AUTORELEASING = YES;
				CLANG_WARN_BOOL_CONVERSION = YES;
				CLANG_WARN_COMMA = YES;
				CLANG_WARN_CONSTANT_CONVERSION = YES;
				CLANG_WARN_DEPRECATED_OBJC_IMPLEMENTATIONS = YES;
				CLANG_WARN_DIRECT_OBJC_ISA_USAGE = YES_ERROR;
				CLANG_WARN_DOCUMENTATION_COMMENTS = YES;
				CLANG_WARN_EMPTY_BODY = YES;
				CLANG_WARN_ENUM_CONVERSION = YES;
				CLANG_WARN_INFINITE_RECURSION = YES;
				CLANG_WARN_INT_CONVERSION = YES;
				CLANG_WARN_NON_LITERAL_NULL_CONVERSION = YES;
				CLANG_WARN_OBJC_IMPLICIT_RETAIN_SELF = YES;
				CLANG_WARN_OBJC_LITERAL_CONVERSION = YES;
				CLANG_WARN_OBJC_ROOT_CLASS = YES_ERROR;
				CLANG_WARN_QUOTED_INCLUDE_IN_FRAMEWORK_HEADER = YES;
				CLANG_WARN_RANGE_LOOP_ANALYSIS = YES;
				CLANG_WARN_STRICT_PROTOTYPES = YES;
				CLANG_WARN_SUSPICIOUS_MOVE = YES;
				CLANG_WARN_UNGUARDED_AVAILABILITY = YES_AGGRESSIVE;
				CLANG_WARN_UNREACHABLE_CODE = YES;
				CLANG_WARN__DUPLICATE_METHOD_MATCH = YES;
				COPY_PHASE_STRIP = NO;
				DEBUG_INFORMATION_FORMAT = "dwarf-with-dsym";
				ENABLE_NS_ASSERTIONS = NO;
				ENABLE_STRICT_OBJC_MSGSEND = YES;
				GCC_C_LANGUAGE_STANDARD = gnu11;
				GCC_NO_COMMON_BLOCKS = YES;
				GCC_WARN_64_TO_32_BIT_CONVERSION = YES;
				GCC_WARN_ABOUT_RETURN_TYPE = YES_ERROR;
				GCC_WARN_UNDECLARED_SELECTOR = YES;
				GCC_WARN_UNINITIALIZED_AUTOS = YES_AGGRESSIVE;
				GCC_WARN_UNUSED_FUNCTION = YES;
				GCC_WARN_UNUSED_VARIABLE = YES;
				MACOSX_DEPLOYMENT_TARGET = 14.0;
				MTL_ENABLE_DEBUG_INFO = NO;
				MTL_FAST_MATH = YES;
				PRODUCT_NAME = "$(TARGET_NAME)";
				SDKROOT = macosx;
				SWIFT_COMPILATION_MODE = wholemodule;
				SWIFT_OPTIMIZATION_LEVEL = "-O";
				SWIFT_VERSION = 5.0;
			};
			name = Release;
		};
		85FB604ABC1C4D81DA625634 /* Release */ = {
			isa = XCBuildConfiguration;
			buildSettings = {
				ASSETCATALOG_COMPILER_APPICON_NAME = AppIcon;
				CODE_SIGN_ENTITLEMENTS = CozyScreen/CozyScreen.entitlements;
				CODE_SIGN_STYLE = Automatic;
				COMBINE_HIDPI_IMAGES = YES;
				GENERATE_INFOPLIST_FILE = NO;
				INFOPLIST_FILE = CozyScreen/Info.plist;
				LD_RUNPATH_SEARCH_PATHS = (
					"$(inherited)",
					"@executable_path/../Frameworks",
				);
				MACOSX_DEPLOYMENT_TARGET = 14.0;
				PRODUCT_BUNDLE_IDENTIFIER = com.cozyscreen.app;
				PRODUCT_NAME = CozyScreen;
				SDKROOT = macosx;
				SWIFT_VERSION = 5.9;
			};
			name = Release;
		};
		C4D9749B6937F300B15917A1 /* Debug */ = {
			isa = XCBuildConfiguration;
			buildSettings = {
				ASSETCATALOG_COMPILER_APPICON_NAME = AppIcon;
				CODE_SIGN_ENTITLEMENTS = CozyScreen/CozyScreen.entitlements;
				CODE_SIGN_STYLE = Automatic;
				COMBINE_HIDPI_IMAGES = YES;
				GENERATE_INFOPLIST_FILE = NO;
				INFOPLIST_FILE = CozyScreen/Info.plist;
				LD_RUNPATH_SEARCH_PATHS = (
					"$(inherited)",
					"@executable_path/../Frameworks",
				);
				MACOSX_DEPLOYMENT_TARGET = 14.0;
				PRODUCT_BUNDLE_IDENTIFIER = com.cozyscreen.app;
				PRODUCT_NAME = CozyScreen;
				SDKROOT = macosx;
				SWIFT_VERSION = 5.9;
			};
			name = Debug;
		};
/* End XCBuildConfiguration section */

/* Begin XCConfigurationList section */
		1DF968D15562761202571DC1 /* Build configuration list for PBXNativeTarget "CozyScreen" */ = {
			isa = XCConfigurationList;
			buildConfigurations = (
				C4D9749B6937F300B15917A1 /* Debug */,
				85FB604ABC1C4D81DA625634 /* Release */,
			);
			defaultConfigurationIsVisible = 0;
			defaultConfigurationName = Debug;
		};
		DDB541E9F450BB2B4C3E150B /* Build configuration list for PBXProject "CozyScreen" */ = {
			isa = XCConfigurationList;
			buildConfigurations = (
				37C7A6AB3949961783CD6039 /* Debug */,
				79B2680E23893D480F69E46D /* Release */,
			);
			defaultConfigurationIsVisible = 0;
			defaultConfigurationName = Debug;
		};
/* End XCConfigurationList section */
	};
	rootObject = E7519B326381617CE19A33D2 /* Project object */;
}
