// !$*UTF8*$!
{
	archiveVersion = 1;
	classes = {
	};
	objectVersion = 77;
	objects = {

/* Begin PBXBuildFile section */
		068FAE22B80CF4A842A4BC3A /* FocusBreak.swift in Sources */ = {isa = PBXBuildFile; fileRef = 6B2239DD4F77010E6AE73923 /* FocusBreak.swift */; };
		087105501E06D9DA010F64DD /* GlobalShortcutService.swift in Sources */ = {isa = PBXBuildFile; fileRef = 73BC489A5998EBC9148DB912 /* GlobalShortcutService.swift */; };
		1800FA0E2D40A7B3B51A93AF /* ActiveSessionView.swift in Sources */ = {isa = PBXBuildFile; fileRef = 47C10B67242616F4F8D9B835 /* ActiveSessionView.swift */; };
		1C954D49BFE5AE31D817452A /* PreSessionView.swift in Sources */ = {isa = PBXBuildFile; fileRef = 559FF0BC314C72E2C181B601 /* PreSessionView.swift */; };
		1CC991DB3E3DBD52B4911C12 /* ShortcutRecorderView.swift in Sources */ = {isa = PBXBuildFile; fileRef = 1DBB1AB13606E6C8194384F9 /* ShortcutRecorderView.swift */; };
		23C2768A1DE45AE0DACAB01B /* BreakTimelineView.swift in Sources */ = {isa = PBXBuildFile; fileRef = 75DEAA3F66EEBAFD6E885493 /* BreakTimelineView.swift */; };
		2F84E11FE34B71163CC25F75 /* DistractionDetector.swift in Sources */ = {isa = PBXBuildFile; fileRef = 32F4D83C11E201BEE4B529FA /* DistractionDetector.swift */; };
		39FCBC08178E7B850BD2FA99 /* TimerService.swift in Sources */ = {isa = PBXBuildFile; fileRef = C03131A21590F8EB4F54F98B /* TimerService.swift */; };
		497CC5ACFDC425E16D4D1179 /* ShortcutSettingsTab.swift in Sources */ = {isa = PBXBuildFile; fileRef = 517303756ECFB573A0B4C119 /* ShortcutSettingsTab.swift */; };
		4BFF7DA6AC3785E22D13EB06 /* DataExportService.swift in Sources */ = {isa = PBXBuildFile; fileRef = 7B7440B559BBEA83E84B700C /* DataExportService.swift */; };
		4C48D5A3B145DE03EA878B3A /* AnimationFrameProvider.swift in Sources */ = {isa = PBXBuildFile; fileRef = 39B347806910EFF62154FCCF /* AnimationFrameProvider.swift */; };
		63BEBE8301FC9629004C102E /* AppDelegate.swift in Sources */ = {isa = PBXBuildFile; fileRef = 82E3598423543D1F04D8EAF4 /* AppDelegate.swift */; };
		738380BD44D7C00F9FF975EF /* MenuBarView.swift in Sources */ = {isa = PBXBuildFile; fileRef = C7E8BCFFF6CAE8054D5CA471 /* MenuBarView.swift */; };
		7CD2DF786E8E49B1BD5A9919 /* PomodoroSession.swift in Sources */ = {isa = PBXBuildFile; fileRef = 3AC9EFCF6F24A364F56888BD /* PomodoroSession.swift */; };
		8AF85AC410BA6D7966690843 /* ScreenFlashService.swift in Sources */ = {isa = PBXBuildFile; fileRef = 9AF9F8EC23BF7F5785029B1C /* ScreenFlashService.swift */; };
		94B6C9C48E7B9B8001F0AB0E /* AlertSettingsTab.swift in Sources */ = {isa = PBXBuildFile; fileRef = 8EB6CCB73C1BC6F5D4753EB4 /* AlertSettingsTab.swift */; };
		9FF59F71C7A8F22ACA875D24 /* PresetManagementView.swift in Sources */ = {isa = PBXBuildFile; fileRef = 97127D2A04F902B28C541AD3 /* PresetManagementView.swift */; };
		B014BF24C99ED9DE25FC3EB0 /* TodoReviewView.swift in Sources */ = {isa = PBXBuildFile; fileRef = 56B8CB2424BC58F25F3C238C /* TodoReviewView.swift */; };
		B1937A8CEE9615702841B789 /* DataSettingsTab.swift in Sources */ = {isa = PBXBuildFile; fileRef = CAD8A3A656D16AD2FD8A5BE2 /* DataSettingsTab.swift */; };
		B308E077A45829A6A463D05B /* TimerPreset.swift in Sources */ = {isa = PBXBuildFile; fileRef = 9FF38ECD9718A30395146DBF /* TimerPreset.swift */; };
		B3478AF3AE1E89F4FF8E044B /* CircularTimerView.swift in Sources */ = {isa = PBXBuildFile; fileRef = EDF7EC4106933DEE600E09AF /* CircularTimerView.swift */; };
		B7D04B994017316B9BD61A63 /* WhiteNoiseService.swift in Sources */ = {isa = PBXBuildFile; fileRef = 71FFC692FDA381A98AD3C91B /* WhiteNoiseService.swift */; };
		C347C0F303F7EBD2A8AF4838 /* AppSettings.swift in Sources */ = {isa = PBXBuildFile; fileRef = 88EA3AD1C1CE39B3A81536E6 /* AppSettings.swift */; };
		C5A5C269F444850C05B4FD85 /* HistoryView.swift in Sources */ = {isa = PBXBuildFile; fileRef = 135D625875D58D9ABB934A91 /* HistoryView.swift */; };
		D41EC59E25A23C41785493BD /* GoalInputView.swift in Sources */ = {isa = PBXBuildFile; fileRef = ECD7F11C1D07B24648753518 /* GoalInputView.swift */; };
		D8C4A03D7BEA8B7A174F0ED2 /* SessionSummaryView.swift in Sources */ = {isa = PBXBuildFile; fileRef = EE53452115A65D7FD6019965 /* SessionSummaryView.swift */; };
		DE3AF2A6DF515CEAED191C2B /* TimerSettingsTab.swift in Sources */ = {isa = PBXBuildFile; fileRef = BF907F7BEBC8F32D74E827CA /* TimerSettingsTab.swift */; };
		E1215FBADF4BB337639E46FE /* TodoListView.swift in Sources */ = {isa = PBXBuildFile; fileRef = 1F44BCA81359CBEDA1832B37 /* TodoListView.swift */; };
		E9B5058961CB7341D049C395 /* TodoItem.swift in Sources */ = {isa = PBXBuildFile; fileRef = 46F56F902109AA382647BB63 /* TodoItem.swift */; };
		EE44DC76457585C9B5BE963B /* SettingsView.swift in Sources */ = {isa = PBXBuildFile; fileRef = EEB08C57C09F4A41D77ED3DD /* SettingsView.swift */; };
		EEC8AE2E925B168FCB2CB197 /* MenuBarAnimationService.swift in Sources */ = {isa = PBXBuildFile; fileRef = C382ECEFDB4E9B4A24C4C5F3 /* MenuBarAnimationService.swift */; };
		F7AA03A06292A315C2B0A89D /* CozyScreenApp.swift in Sources */ = {isa = PBXBuildFile; fileRef = A0B3399898E1EA079EBD7297 /* CozyScreenApp.swift */; };
/* End PBXBuildFile section */

/* Begin PBXFileReference section */
		135D625875D58D9ABB934A91 /* HistoryView.swift */ = {isa = PBXFileReference; lastKnownFileType = sourcecode.swift; path = HistoryView.swift; sourceTree = "<group>"; };
		1DBB1AB13606E6C8194384F9 /* ShortcutRecorderView.swift */ = {isa = PBXFileReference; lastKnownFileType = sourcecode.swift; path = ShortcutRecorderView.swift; sourceTree = "<group>"; };
		1F44BCA81359CBEDA1832B37 /* TodoListView.swift */ = {isa = PBXFileReference; lastKnownFileType = sourcecode.swift; path = TodoListView.swift; sourceTree = "<group>"; };
		2D9C9DBA47C645439B921958 /* MacModoro.app */ = {isa = PBXFileReference; explicitFileType = wrapper.application; includeInIndex = 0; path = MacModoro.app; sourceTree = BUILT_PRODUCTS_DIR; };
		32F4D83C11E201BEE4B529FA /* DistractionDetector.swift */ = {isa = PBXFileReference; lastKnownFileType = sourcecode.swift; path = DistractionDetector.swift; sourceTree = "<group>"; };
		39B347806910EFF62154FCCF /* AnimationFrameProvider.swift */ = {isa = PBXFileReference; lastKnownFileType = sourcecode.swift; path = AnimationFrameProvider.swift; sourceTree = "<group>"; };
		3AC9EFCF6F24A364F56888BD /* PomodoroSession.swift */ = {isa = PBXFileReference; lastKnownFileType = sourcecode.swift; path = PomodoroSession.swift; sourceTree = "<group>"; };
		46F56F902109AA382647BB63 /* TodoItem.swift */ = {isa = PBXFileReference; lastKnownFileType = sourcecode.swift; path = TodoItem.swift; sourceTree = "<group>"; };
		47C10B67242616F4F8D9B835 /* ActiveSessionView.swift */ = {isa = PBXFileReference; lastKnownFileType = sourcecode.swift; path = ActiveSessionView.swift; sourceTree = "<group>"; };
		517303756ECFB573A0B4C119 /* ShortcutSettingsTab.swift */ = {isa = PBXFileReference; lastKnownFileType = sourcecode.swift; path = ShortcutSettingsTab.swift; sourceTree = "<group>"; };
		559FF0BC314C72E2C181B601 /* PreSessionView.swift */ = {isa = PBXFileReference; lastKnownFileType = sourcecode.swift; path = PreSessionView.swift; sourceTree = "<group>"; };
		56B8CB2424BC58F25F3C238C /* TodoReviewView.swift */ = {isa = PBXFileReference; lastKnownFileType = sourcecode.swift; path = TodoReviewView.swift; sourceTree = "<group>"; };
		6B2239DD4F77010E6AE73923 /* FocusBreak.swift */ = {isa = PBXFileReference; lastKnownFileType = sourcecode.swift; path = FocusBreak.swift; sourceTree = "<group>"; };
		71FFC692FDA381A98AD3C91B /* WhiteNoiseService.swift */ = {isa = PBXFileReference; lastKnownFileType = sourcecode.swift; path = WhiteNoiseService.swift; sourceTree = "<group>"; };
		73BC489A5998EBC9148DB912 /* GlobalShortcutService.swift */ = {isa = PBXFileReference; lastKnownFileType = sourcecode.swift; path = GlobalShortcutService.swift; sourceTree = "<group>"; };
		75DEAA3F66EEBAFD6E885493 /* BreakTimelineView.swift */ = {isa = PBXFileReference; lastKnownFileType = sourcecode.swift; path = BreakTimelineView.swift; sourceTree = "<group>"; };
		7B7440B559BBEA83E84B700C /* DataExportService.swift */ = {isa = PBXFileReference; lastKnownFileType = sourcecode.swift; path = DataExportService.swift; sourceTree = "<group>"; };
		82E3598423543D1F04D8EAF4 /* AppDelegate.swift */ = {isa = PBXFileReference; lastKnownFileType = sourcecode.swift; path = AppDelegate.swift; sourceTree = "<group>"; };
		88EA3AD1C1CE39B3A81536E6 /* AppSettings.swift */ = {isa = PBXFileReference; lastKnownFileType = sourcecode.swift; path = AppSettings.swift; sourceTree = "<group>"; };
		8EB6CCB73C1BC6F5D4753EB4 /* AlertSettingsTab.swift */ = {isa = PBXFileReference; lastKnownFileType = sourcecode.swift; path = AlertSettingsTab.swift; sourceTree = "<group>"; };
		97127D2A04F902B28C541AD3 /* PresetManagementView.swift */ = {isa = PBXFileReference; lastKnownFileType = sourcecode.swift; path = PresetManagementView.swift; sourceTree = "<group>"; };
		9AF9F8EC23BF7F5785029B1C /* ScreenFlashService.swift */ = {isa = PBXFileReference; lastKnownFileType = sourcecode.swift; path = ScreenFlashService.swift; sourceTree = "<group>"; };
		9FF38ECD9718A30395146DBF /* TimerPreset.swift */ = {isa = PBXFileReference; lastKnownFileType = sourcecode.swift; path = TimerPreset.swift; sourceTree = "<group>"; };
		A0B3399898E1EA079EBD7297 /* CozyScreenApp.swift */ = {isa = PBXFileReference; lastKnownFileType = sourcecode.swift; path = CozyScreenApp.swift; sourceTree = "<group>"; };
		BA5A5AEE506DB9B08F678467 /* Info.plist */ = {isa = PBXFileReference; lastKnownFileType = text.plist; path = Info.plist; sourceTree = "<group>"; };
		BF907F7BEBC8F32D74E827CA /* TimerSettingsTab.swift */ = {isa = PBXFileReference; lastKnownFileType = sourcecode.swift; path = TimerSettingsTab.swift; sourceTree = "<group>"; };
		C03131A21590F8EB4F54F98B /* TimerService.swift */ = {isa = PBXFileReference; lastKnownFileType = sourcecode.swift; path = TimerService.swift; sourceTree = "<group>"; };
		C382ECEFDB4E9B4A24C4C5F3 /* MenuBarAnimationService.swift */ = {isa = PBXFileReference; lastKnownFileType = sourcecode.swift; path = MenuBarAnimationService.swift; sourceTree = "<group>"; };
		C7E8BCFFF6CAE8054D5CA471 /* MenuBarView.swift */ = {isa = PBXFileReference; lastKnownFileType = sourcecode.swift; path = MenuBarView.swift; sourceTree = "<group>"; };
		CAD8A3A656D16AD2FD8A5BE2 /* DataSettingsTab.swift */ = {isa = PBXFileReference; lastKnownFileType = sourcecode.swift; path = DataSettingsTab.swift; sourceTree = "<group>"; };
		ECD7F11C1D07B24648753518 /* GoalInputView.swift */ = {isa = PBXFileReference; lastKnownFileType = sourcecode.swift; path = GoalInputView.swift; sourceTree = "<group>"; };
		EDF7EC4106933DEE600E09AF /* CircularTimerView.swift */ = {isa = PBXFileReference; lastKnownFileType = sourcecode.swift; path = CircularTimerView.swift; sourceTree = "<group>"; };
		EE53452115A65D7FD6019965 /* SessionSummaryView.swift */ = {isa = PBXFileReference; lastKnownFileType = sourcecode.swift; path = SessionSummaryView.swift; sourceTree = "<group>"; };
		EEB08C57C09F4A41D77ED3DD /* SettingsView.swift */ = {isa = PBXFileReference; lastKnownFileType = sourcecode.swift; path = SettingsView.swift; sourceTree = "<group>"; };
		F609C73F7E0CEDBDA7846210 /* MacModoro.entitlements */ = {isa = PBXFileReference; lastKnownFileType = text.plist.entitlements; path = MacModoro.entitlements; sourceTree = "<group>"; };
/* End PBXFileReference section */

/* Begin PBXGroup section */
		0185B35E172870FD738E0F05 /* DistractionDetector */ = {
			isa = PBXGroup;
			children = (
				32F4D83C11E201BEE4B529FA /* DistractionDetector.swift */,
			);
			path = DistractionDetector;
			sourceTree = "<group>";
		};
		1058FCF8B9FF706BC6272F7E /* MacModoro */ = {
			isa = PBXGroup;
			children = (
				BA5A5AEE506DB9B08F678467 /* Info.plist */,
				F609C73F7E0CEDBDA7846210 /* MacModoro.entitlements */,
				34D2CFCF42944968FDB4DEB7 /* App */,
				FE3C8F4F0D9490F109AEE0D1 /* Core */,
				33712DB613BD4DA62B8B73E9 /* Features */,
				D94C96D54EBFDEF18A698572 /* Services */,
			);
			path = MacModoro;
			sourceTree = "<group>";
		};
		285C53D476452939E0742521 /* ScreenFlashService */ = {
			isa = PBXGroup;
			children = (
				9AF9F8EC23BF7F5785029B1C /* ScreenFlashService.swift */,
			);
			path = ScreenFlashService;
			sourceTree = "<group>";
		};
		33712DB613BD4DA62B8B73E9 /* Features */ = {
			isa = PBXGroup;
			children = (
				7C783B5AA3CB3B89C736D971 /* Goals */,
				75D5423A3927EAA7CD9EC606 /* History */,
				B704B45896DA4568CAE67E92 /* Presets */,
				82AACC631DBE9E362FC07684 /* Settings */,
				677CE429D0ACD06A6B6B249D /* Timer */,
			);
			path = Features;
			sourceTree = "<group>";
		};
		34D2CFCF42944968FDB4DEB7 /* App */ = {
			isa = PBXGroup;
			children = (
				82E3598423543D1F04D8EAF4 /* AppDelegate.swift */,
				A0B3399898E1EA079EBD7297 /* CozyScreenApp.swift */,
				C7E8BCFFF6CAE8054D5CA471 /* MenuBarView.swift */,
			);
			path = App;
			sourceTree = "<group>";
		};
		59DB89D65521D398D83D8F37 /* ShortcutService */ = {
			isa = PBXGroup;
			children = (
				73BC489A5998EBC9148DB912 /* GlobalShortcutService.swift */,
			);
			path = ShortcutService;
			sourceTree = "<group>";
		};
		648E3BB1BD94234D00FEA57F /* MenuBarAnimation */ = {
			isa = PBXGroup;
			children = (
				39B347806910EFF62154FCCF /* AnimationFrameProvider.swift */,
				C382ECEFDB4E9B4A24C4C5F3 /* MenuBarAnimationService.swift */,
			);
			path = MenuBarAnimation;
			sourceTree = "<group>";
		};
		677CE429D0ACD06A6B6B249D /* Timer */ = {
			isa = PBXGroup;
			children = (
				47C10B67242616F4F8D9B835 /* ActiveSessionView.swift */,
				75DEAA3F66EEBAFD6E885493 /* BreakTimelineView.swift */,
				EDF7EC4106933DEE600E09AF /* CircularTimerView.swift */,
				559FF0BC314C72E2C181B601 /* PreSessionView.swift */,
				EE53452115A65D7FD6019965 /* SessionSummaryView.swift */,
			);
			path = Timer;
			sourceTree = "<group>";
		};
		75D5423A3927EAA7CD9EC606 /* History */ = {
			isa = PBXGroup;
			children = (
				135D625875D58D9ABB934A91 /* HistoryView.swift */,
			);
			path = History;
			sourceTree = "<group>";
		};
		7C783B5AA3CB3B89C736D971 /* Goals */ = {
			isa = PBXGroup;
			children = (
				ECD7F11C1D07B24648753518 /* GoalInputView.swift */,
				1F44BCA81359CBEDA1832B37 /* TodoListView.swift */,
				56B8CB2424BC58F25F3C238C /* TodoReviewView.swift */,
			);
			path = Goals;
			sourceTree = "<group>";
		};
		82AACC631DBE9E362FC07684 /* Settings */ = {
			isa = PBXGroup;
			children = (
				8EB6CCB73C1BC6F5D4753EB4 /* AlertSettingsTab.swift */,
				CAD8A3A656D16AD2FD8A5BE2 /* DataSettingsTab.swift */,
				EEB08C57C09F4A41D77ED3DD /* SettingsView.swift */,
				1DBB1AB13606E6C8194384F9 /* ShortcutRecorderView.swift */,
				517303756ECFB573A0B4C119 /* ShortcutSettingsTab.swift */,
				BF907F7BEBC8F32D74E827CA /* TimerSettingsTab.swift */,
			);
			path = Settings;
			sourceTree = "<group>";
		};
		9BB3A09E86737C4812C12E9A /* Models */ = {
			isa = PBXGroup;
			children = (
				6B2239DD4F77010E6AE73923 /* FocusBreak.swift */,
				3AC9EFCF6F24A364F56888BD /* PomodoroSession.swift */,
				9FF38ECD9718A30395146DBF /* TimerPreset.swift */,
				46F56F902109AA382647BB63 /* TodoItem.swift */,
			);
			path = Models;
			sourceTree = "<group>";
		};
		B704B45896DA4568CAE67E92 /* Presets */ = {
			isa = PBXGroup;
			children = (
				97127D2A04F902B28C541AD3 /* PresetManagementView.swift */,
			);
			path = Presets;
			sourceTree = "<group>";
		};
		C0E58D390746B06195B9AD78 /* Products */ = {
			isa = PBXGroup;
			children = (
				2D9C9DBA47C645439B921958 /* MacModoro.app */,
			);
			name = Products;
			sourceTree = "<group>";
		};
		C2581F0A3105B15C7C57F311 /* DataExportService */ = {
			isa = PBXGroup;
			children = (
				7B7440B559BBEA83E84B700C /* DataExportService.swift */,
			);
			path = DataExportService;
			sourceTree = "<group>";
		};
		D73F53AD7789B0415D156E1E /* Persistence */ = {
			isa = PBXGroup;
			children = (
				88EA3AD1C1CE39B3A81536E6 /* AppSettings.swift */,
			);
			path = Persistence;
			sourceTree = "<group>";
		};
		D94C96D54EBFDEF18A698572 /* Services */ = {
			isa = PBXGroup;
			children = (
				C2581F0A3105B15C7C57F311 /* DataExportService */,
				0185B35E172870FD738E0F05 /* DistractionDetector */,
				648E3BB1BD94234D00FEA57F /* MenuBarAnimation */,
				285C53D476452939E0742521 /* ScreenFlashService */,
				59DB89D65521D398D83D8F37 /* ShortcutService */,
				F79FFD84697FF99C46FE261D /* TimerService */,
				E852CB9BB395CEBEADADAD84 /* WhiteNoiseService */,
			);
			path = Services;
			sourceTree = "<group>";
		};
		E852CB9BB395CEBEADADAD84 /* WhiteNoiseService */ = {
			isa = PBXGroup;
			children = (
				71FFC692FDA381A98AD3C91B /* WhiteNoiseService.swift */,
			);
			path = WhiteNoiseService;
			sourceTree = "<group>";
		};
		F2FDAF3E356C5331862AA794 = {
			isa = PBXGroup;
			children = (
				1058FCF8B9FF706BC6272F7E /* MacModoro */,
				C0E58D390746B06195B9AD78 /* Products */,
			);
			sourceTree = "<group>";
		};
		F79FFD84697FF99C46FE261D /* TimerService */ = {
			isa = PBXGroup;
			children = (
				C03131A21590F8EB4F54F98B /* TimerService.swift */,
			);
			path = TimerService;
			sourceTree = "<group>";
		};
		FE3C8F4F0D9490F109AEE0D1 /* Core */ = {
			isa = PBXGroup;
			children = (
				9BB3A09E86737C4812C12E9A /* Models */,
				D73F53AD7789B0415D156E1E /* Persistence */,
			);
			path = Core;
			sourceTree = "<group>";
		};
/* End PBXGroup section */

/* Begin PBXNativeTarget section */
		4518D5F6D9533DC806C9DAB3 /* MacModoro */ = {
			isa = PBXNativeTarget;
			buildConfigurationList = 641C0C8039CAC56FB6584DF7 /* Build configuration list for PBXNativeTarget "MacModoro" */;
			buildPhases = (
				5CF68B3D363F6679FFCA680D /* Sources */,
			);
			buildRules = (
			);
			dependencies = (
			);
			name = MacModoro;
			packageProductDependencies = (
			);
			productName = MacModoro;
			productReference = 2D9C9DBA47C645439B921958 /* MacModoro.app */;
			productType = "com.apple.product-type.application";
		};
/* End PBXNativeTarget section */

/* Begin PBXProject section */
		F2DD37205E8807886209F9A4 /* Project object */ = {
			isa = PBXProject;
			attributes = {
				BuildIndependentTargetsInParallel = YES;
				LastUpgradeCheck = 1500;
				TargetAttributes = {
					4518D5F6D9533DC806C9DAB3 = {
						ProvisioningStyle = Automatic;
					};
				};
			};
			buildConfigurationList = D43DB054341D40C155B5C538 /* Build configuration list for PBXProject "MacModoro" */;
			developmentRegion = en;
			hasScannedForEncodings = 0;
			knownRegions = (
				Base,
				en,
			);
			mainGroup = F2FDAF3E356C5331862AA794;
			minimizedProjectReferenceProxies = 1;
			preferredProjectObjectVersion = 77;
			productRefGroup = C0E58D390746B06195B9AD78 /* Products */;
			projectDirPath = "";
			projectRoot = "";
			targets = (
				4518D5F6D9533DC806C9DAB3 /* MacModoro */,
			);
		};
/* End PBXProject section */

/* Begin PBXSourcesBuildPhase section */
		5CF68B3D363F6679FFCA680D /* Sources */ = {
			isa = PBXSourcesBuildPhase;
			buildActionMask = 2147483647;
			files = (
				1800FA0E2D40A7B3B51A93AF /* ActiveSessionView.swift in Sources */,
				94B6C9C48E7B9B8001F0AB0E /* AlertSettingsTab.swift in Sources */,
				4C48D5A3B145DE03EA878B3A /* AnimationFrameProvider.swift in Sources */,
				63BEBE8301FC9629004C102E /* AppDelegate.swift in Sources */,
				C347C0F303F7EBD2A8AF4838 /* AppSettings.swift in Sources */,
				23C2768A1DE45AE0DACAB01B /* BreakTimelineView.swift in Sources */,
				B3478AF3AE1E89F4FF8E044B /* CircularTimerView.swift in Sources */,
				F7AA03A06292A315C2B0A89D /* CozyScreenApp.swift in Sources */,
				4BFF7DA6AC3785E22D13EB06 /* DataExportService.swift in Sources */,
				B1937A8CEE9615702841B789 /* DataSettingsTab.swift in Sources */,
				2F84E11FE34B71163CC25F75 /* DistractionDetector.swift in Sources */,
				068FAE22B80CF4A842A4BC3A /* FocusBreak.swift in Sources */,
				087105501E06D9DA010F64DD /* GlobalShortcutService.swift in Sources */,
				D41EC59E25A23C41785493BD /* GoalInputView.swift in Sources */,
				C5A5C269F444850C05B4FD85 /* HistoryView.swift in Sources */,
				EEC8AE2E925B168FCB2CB197 /* MenuBarAnimationService.swift in Sources */,
				738380BD44D7C00F9FF975EF /* MenuBarView.swift in Sources */,
				7CD2DF786E8E49B1BD5A9919 /* PomodoroSession.swift in Sources */,
				1C954D49BFE5AE31D817452A /* PreSessionView.swift in Sources */,
				9FF59F71C7A8F22ACA875D24 /* PresetManagementView.swift in Sources */,
				8AF85AC410BA6D7966690843 /* ScreenFlashService.swift in Sources */,
				D8C4A03D7BEA8B7A174F0ED2 /* SessionSummaryView.swift in Sources */,
				EE44DC76457585C9B5BE963B /* SettingsView.swift in Sources */,
				1CC991DB3E3DBD52B4911C12 /* ShortcutRecorderView.swift in Sources */,
				497CC5ACFDC425E16D4D1179 /* ShortcutSettingsTab.swift in Sources */,
				B308E077A45829A6A463D05B /* TimerPreset.swift in Sources */,
				39FCBC08178E7B850BD2FA99 /* TimerService.swift in Sources */,
				DE3AF2A6DF515CEAED191C2B /* TimerSettingsTab.swift in Sources */,
				E9B5058961CB7341D049C395 /* TodoItem.swift in Sources */,
				E1215FBADF4BB337639E46FE /* TodoListView.swift in Sources */,
				B014BF24C99ED9DE25FC3EB0 /* TodoReviewView.swift in Sources */,
				B7D04B994017316B9BD61A63 /* WhiteNoiseService.swift in Sources */,
			);
			runOnlyForDeploymentPostprocessing = 0;
		};
/* End PBXSourcesBuildPhase section */

/* Begin XCBuildConfiguration section */
		313EFE9DA83E8CA9561FBAE2 /* Debug */ = {
			isa = XCBuildConfiguration;
			buildSettings = {
				ASSETCATALOG_COMPILER_APPICON_NAME = AppIcon;
				CODE_SIGN_ENTITLEMENTS = MacModoro/MacModoro.entitlements;
				CODE_SIGN_STYLE = Automatic;
				COMBINE_HIDPI_IMAGES = YES;
				GENERATE_INFOPLIST_FILE = NO;
				INFOPLIST_FILE = MacModoro/Info.plist;
				LD_RUNPATH_SEARCH_PATHS = (
					"$(inherited)",
					"@executable_path/../Frameworks",
				);
				MACOSX_DEPLOYMENT_TARGET = 14.0;
				PRODUCT_BUNDLE_IDENTIFIER = com.macmodoro.app;
				PRODUCT_NAME = MacModoro;
				SDKROOT = macosx;
				SWIFT_VERSION = 5.9;
			};
			name = Debug;
		};
		37BEC5A6A2998064E159F8CD /* Release */ = {
			isa = XCBuildConfiguration;
			buildSettings = {
				ASSETCATALOG_COMPILER_APPICON_NAME = AppIcon;
				CODE_SIGN_ENTITLEMENTS = MacModoro/MacModoro.entitlements;
				CODE_SIGN_STYLE = Automatic;
				COMBINE_HIDPI_IMAGES = YES;
				GENERATE_INFOPLIST_FILE = NO;
				INFOPLIST_FILE = MacModoro/Info.plist;
				LD_RUNPATH_SEARCH_PATHS = (
					"$(inherited)",
					"@executable_path/../Frameworks",
				);
				MACOSX_DEPLOYMENT_TARGET = 14.0;
				PRODUCT_BUNDLE_IDENTIFIER = com.macmodoro.app;
				PRODUCT_NAME = MacModoro;
				SDKROOT = macosx;
				SWIFT_VERSION = 5.9;
			};
			name = Release;
		};
		A4A5BA97B11E4BC5EE22663B /* Debug */ = {
			isa = XCBuildConfiguration;
			buildSettings = {
				ALWAYS_SEARCH_USER_PATHS = NO;
				CLANG_ANALYZER_NONNULL = YES;
				CLANG_ANALYZER_NUMBER_OBJECT_CONVERSION = YES_AGGRESSIVE;
				CLANG_CXX_LANGUAGE_STANDARD = "gnu++14";
				CLANG_CXX_LIBRARY = "libc++";
				CLANG_ENABLE_MODULES = YES;
				CLANG_ENABLE_OBJC_ARC = YES;
				CLANG_ENABLE_OBJC_WEAK = YES;
				CLANG_WARN_BLOCK_CAPTURE_AUTORELEASING = YES;
				CLANG_WARN_BOOL_CONVERSION = YES;
				CLANG_WARN_COMMA = YES;
				CLANG_WARN_CONSTANT_CONVERSION = YES;
				CLANG_WARN_DEPRECATED_OBJC_IMPLEMENTATIONS = YES;
				CLANG_WARN_DIRECT_OBJC_ISA_USAGE = YES_ERROR;
				CLANG_WARN_DOCUMENTATION_COMMENTS = YES;
				CLANG_WARN_EMPTY_BODY = YES;
				CLANG_WARN_ENUM_CONVERSION = YES;
				CLANG_WARN_INFINITE_RECURSION = YES;
				CLANG_WARN_INT_CONVERSION = YES;
				CLANG_WARN_NON_LITERAL_NULL_CONVERSION = YES;
				CLANG_WARN_OBJC_IMPLICIT_RETAIN_SELF = YES;
				CLANG_WARN_OBJC_LITERAL_CONVERSION = YES;
				CLANG_WARN_OBJC_ROOT_CLASS = YES_ERROR;
				CLANG_WARN_QUOTED_INCLUDE_IN_FRAMEWORK_HEADER = YES;
				CLANG_WARN_RANGE_LOOP_ANALYSIS = YES;
				CLANG_WARN_STRICT_PROTOTYPES = YES;
				CLANG_WARN_SUSPICIOUS_MOVE = YES;
				CLANG_WARN_UNGUARDED_AVAILABILITY = YES_AGGRESSIVE;
				CLANG_WARN_UNREACHABLE_CODE = YES;
				CLANG_WARN__DUPLICATE_METHOD_MATCH = YES;
				COPY_PHASE_STRIP = NO;
				DEBUG_INFORMATION_FORMAT = dwarf;
				ENABLE_STRICT_OBJC_MSGSEND = YES;
				ENABLE_TESTABILITY = YES;
				GCC_C_LANGUAGE_STANDARD = gnu11;
				GCC_DYNAMIC_NO_PIC = NO;
				GCC_NO_COMMON_BLOCKS = YES;
				GCC_OPTIMIZATION_LEVEL = 0;
				GCC_PREPROCESSOR_DEFINITIONS = (
					"$(inherited)",
					"DEBUG=1",
				);
				GCC_WARN_64_TO_32_BIT_CONVERSION = YES;
				GCC_WARN_ABOUT_RETURN_TYPE = YES_ERROR;
				GCC_WARN_UNDECLARED_SELECTOR = YES;
				GCC_WARN_UNINITIALIZED_AUTOS = YES_AGGRESSIVE;
				GCC_WARN_UNUSED_FUNCTION = YES;
				GCC_WARN_UNUSED_VARIABLE = YES;
				MACOSX_DEPLOYMENT_TARGET = 14.0;
				MTL_ENABLE_DEBUG_INFO = INCLUDE_SOURCE;
				MTL_FAST_MATH = YES;
				ONLY_ACTIVE_ARCH = YES;
				PRODUCT_NAME = "$(TARGET_NAME)";
				SDKROOT = macosx;
				SWIFT_ACTIVE_COMPILATION_CONDITIONS = DEBUG;
				SWIFT_OPTIMIZATION_LEVEL = "-Onone";
				SWIFT_VERSION = 5.0;
			};
			name = Debug;
		};
		A8CE5CF876FC84A8918707F0 /* Release */ = {
			isa = XCBuildConfiguration;
			buildSettings = {
				ALWAYS_SEARCH_USER_PATHS = NO;
				CLANG_ANALYZER_NONNULL = YES;
				CLANG_ANALYZER_NUMBER_OBJECT_CONVERSION = YES_AGGRESSIVE;
				CLANG_CXX_LANGUAGE_STANDARD = "gnu++14";
				CLANG_CXX_LIBRARY = "libc++";
				CLANG_ENABLE_MODULES = YES;
				CLANG_ENABLE_OBJC_ARC = YES;
				CLANG_ENABLE_OBJC_WEAK = YES;
				CLANG_WARN_BLOCK_CAPTURE_AUTORELEASING = YES;
				CLANG_WARN_BOOL_CONVERSION = YES;
				CLANG_WARN_COMMA = YES;
				CLANG_WARN_CONSTANT_CONVERSION = YES;
				CLANG_WARN_DEPRECATED_OBJC_IMPLEMENTATIONS = YES;
				CLANG_WARN_DIRECT_OBJC_ISA_USAGE = YES_ERROR;
				CLANG_WARN_DOCUMENTATION_COMMENTS = YES;
				CLANG_WARN_EMPTY_BODY = YES;
				CLANG_WARN_ENUM_CONVERSION = YES;
				CLANG_WARN_INFINITE_RECURSION = YES;
				CLANG_WARN_INT_CONVERSION = YES;
				CLANG_WARN_NON_LITERAL_NULL_CONVERSION = YES;
				CLANG_WARN_OBJC_IMPLICIT_RETAIN_SELF = YES;
				CLANG_WARN_OBJC_LITERAL_CONVERSION = YES;
				CLANG_WARN_OBJC_ROOT_CLASS = YES_ERROR;
				CLANG_WARN_QUOTED_INCLUDE_IN_FRAMEWORK_HEADER = YES;
				CLANG_WARN_RANGE_LOOP_ANALYSIS = YES;
				CLANG_WARN_STRICT_PROTOTYPES = YES;
				CLANG_WARN_SUSPICIOUS_MOVE = YES;
				CLANG_WARN_UNGUARDED_AVAILABILITY = YES_AGGRESSIVE;
				CLANG_WARN_UNREACHABLE_CODE = YES;
				CLANG_WARN__DUPLICATE_METHOD_MATCH = YES;
				COPY_PHASE_STRIP = NO;
				DEBUG_INFORMATION_FORMAT = "dwarf-with-dsym";
				ENABLE_NS_ASSERTIONS = NO;
				ENABLE_STRICT_OBJC_MSGSEND = YES;
				GCC_C_LANGUAGE_STANDARD = gnu11;
				GCC_NO_COMMON_BLOCKS = YES;
				GCC_WARN_64_TO_32_BIT_CONVERSION = YES;
				GCC_WARN_ABOUT_RETURN_TYPE = YES_ERROR;
				GCC_WARN_UNDECLARED_SELECTOR = YES;
				GCC_WARN_UNINITIALIZED_AUTOS = YES_AGGRESSIVE;
				GCC_WARN_UNUSED_FUNCTION = YES;
				GCC_WARN_UNUSED_VARIABLE = YES;
				MACOSX_DEPLOYMENT_TARGET = 14.0;
				MTL_ENABLE_DEBUG_INFO = NO;
				MTL_FAST_MATH = YES;
				PRODUCT_NAME = "$(TARGET_NAME)";
				SDKROOT = macosx;
				SWIFT_COMPILATION_MODE = wholemodule;
				SWIFT_OPTIMIZATION_LEVEL = "-O";
				SWIFT_VERSION = 5.0;
			};
			name = Release;
		};
/* End XCBuildConfiguration section */

/* Begin XCConfigurationList section */
		641C0C8039CAC56FB6584DF7 /* Build configuration list for PBXNativeTarget "MacModoro" */ = {
			isa = XCConfigurationList;
			buildConfigurations = (
				313EFE9DA83E8CA9561FBAE2 /* Debug */,
				37BEC5A6A2998064E159F8CD /* Release */,
			);
			defaultConfigurationIsVisible = 0;
			defaultConfigurationName = Debug;
		};
		D43DB054341D40C155B5C538 /* Build configuration list for PBXProject "MacModoro" */ = {
			isa = XCConfigurationList;
			buildConfigurations = (
				A4A5BA97B11E4BC5EE22663B /* Debug */,
				A8CE5CF876FC84A8918707F0 /* Release */,
			);
			defaultConfigurationIsVisible = 0;
			defaultConfigurationName = Debug;
		};
/* End XCConfigurationList section */
	};
	rootObject = F2DD37205E8807886209F9A4 /* Project object */;
}
